
Microsoft Visual Studio Solution File, Format Version 12.00
# Visual Studio 15
VisualStudioVersion = 15.0.26228.9
MinimumVisualStudioVersion = 10.0.40219.1
Project("{FAE04EC0-301F-11D3-BF4B-00C04F79EFBC}") = "BASE_RFID_TMS", "BASE_RFID_TMS\BASE_RFID_TMS.csproj", "{5CCB9930-0C96-40B9-A33F-A525A10CB815}"
EndProject
Project("{54435603-DBB4-11D2-8724-00A0C9A8B90C}") = "TyreWebAPI", "TyreWebAPI\TyreWebAPI.vdproj", "{A51DB931-1AEA-4A73-BACC-E1DD9E042AE9}"
EndProject
Global
	GlobalSection(SolutionConfigurationPlatforms) = preSolution
		Debug|Any CPU = Debug|Any CPU
		Release|Any CPU = Release|Any CPU
	EndGlobalSection
	GlobalSection(ProjectConfigurationPlatforms) = postSolution
		{5CCB9930-0C96-40B9-A33F-A525A10CB815}.Debug|Any CPU.ActiveCfg = Debug|Any CPU
		{5CCB9930-0C96-40B9-A33F-A525A10CB815}.Debug|Any CPU.Build.0 = Debug|Any CPU
		{5CCB9930-0C96-40B9-A33F-A525A10CB815}.Release|Any CPU.ActiveCfg = Release|Any CPU
		{5CCB9930-0C96-40B9-A33F-A525A10CB815}.Release|Any CPU.Build.0 = Release|Any CPU
		{A51DB931-1AEA-4A73-BACC-E1DD9E042AE9}.Debug|Any CPU.ActiveCfg = Debug
		{A51DB931-1AEA-4A73-BACC-E1DD9E042AE9}.Release|Any CPU.ActiveCfg = Release
	EndGlobalSection
	GlobalSection(SolutionProperties) = preSolution
		HideSolutionNode = FALSE
	EndGlobalSection
	GlobalSection(ExtensibilityGlobals) = postSolution
		SolutionGuid = {025B904B-0AA2-4505-A6AB-EFB55A3A110F}
	EndGlobalSection
EndGlobal
